# THIS IS AN AUTOGENERATED FILE. DO NOT EDIT THIS FILE DIRECTLY.
# yarn lockfile v1


n64@^0.2.10:
  version "0.2.10"
  resolved "https://registry.yarnpkg.com/n64/-/n64-0.2.10.tgz#e5831073dd527e6934b880231a43f3a8e36c096a"
  integrity sha512-uH9geV4+roR1tohsrrqSOLCJ9Mh1iFcDI+9vUuydDlDxUS1UCAWUfuGb06p3dj3flzywquJNrGsQ7lHP8+4RVQ==
